
Microsoft Visual Studio Solution File, Format Version 12.00
# Visual Studio Version 16
VisualStudioVersion = 16.0.30621.155
MinimumVisualStudioVersion = 10.0.40219.1
Project("{FAE04EC0-301F-11D3-BF4B-00C04F79EFBC}") = "AppRevitEventArgs", "AppRevitEventArgs.csproj", "{81CFBCBF-DE52-4966-A0CA-A3923FD22584}"
EndProject
Global
	GlobalSection(SolutionConfigurationPlatforms) = preSolution
		Debug|Any CPU = Debug|Any CPU
		Release|Any CPU = Release|Any CPU
	EndGlobalSection
	GlobalSection(ProjectConfigurationPlatforms) = postSolution
		{81CFBCBF-DE52-4966-A0CA-A3923FD22584}.Debug|Any CPU.ActiveCfg = Debug|Any CPU
		{81CFBCBF-DE52-4966-A0CA-A3923FD22584}.Debug|Any CPU.Build.0 = Debug|Any CPU
		{81CFBCBF-DE52-4966-A0CA-A3923FD22584}.Release|Any CPU.ActiveCfg = Release|Any CPU
		{81CFBCBF-DE52-4966-A0CA-A3923FD22584}.Release|Any CPU.Build.0 = Release|Any CPU
	EndGlobalSection
	GlobalSection(SolutionProperties) = preSolution
		HideSolutionNode = FALSE
	EndGlobalSection
	GlobalSection(ExtensibilityGlobals) = postSolution
		SolutionGuid = {36C6B71B-A1CD-471B-A92E-151416C72CCE}
	EndGlobalSection
EndGlobal
