
Microsoft Visual Studio Solution File, Format Version 12.00
# Visual Studio Version 16
VisualStudioVersion = 16.0.30907.101
MinimumVisualStudioVersion = 10.0.40219.1
Project("{FAE04EC0-301F-11D3-BF4B-00C04F79EFBC}") = "HelperExcel", "HelperExcel\HelperExcel.csproj", "{B888B3E8-3F57-4493-A6A4-F09A1C6B4896}"
EndProject
Project("{FAE04EC0-301F-11D3-BF4B-00C04F79EFBC}") = "HelperXml", "HelperXml\HelperXml.csproj", "{B9DFECE5-926A-4FF5-9B3F-7A1CFB353718}"
EndProject
Project("{FAE04EC0-301F-11D3-BF4B-00C04F79EFBC}") = "HelperLog", "HelperLog\HelperLog.csproj", "{4B393055-AB87-477D-ADE7-89F898731C0F}"
EndProject
Project("{FAE04EC0-301F-11D3-BF4B-00C04F79EFBC}") = "HelperRegistryStorage", "HelperRegistryStorage\HelperRegistryStorage.csproj", "{2EDEE6E4-50AA-495F-9A04-A2F97E8F7CDE}"
EndProject
Project("{FAE04EC0-301F-11D3-BF4B-00C04F79EFBC}") = "HelperRevitVersion", "HelperRevitVersion\HelperRevitVersion.csproj", "{84537592-ACC6-412A-8F1D-9A7BF102461C}"
EndProject
Project("{FAE04EC0-301F-11D3-BF4B-00C04F79EFBC}") = "HelperLicense", "HelperLicense\HelperLicense.csproj", "{B63B4E90-1290-4981-AA05-F8A2C330C144}"
EndProject
Global
	GlobalSection(SolutionConfigurationPlatforms) = preSolution
		Debug|Any CPU = Debug|Any CPU
		Release|Any CPU = Release|Any CPU
	EndGlobalSection
	GlobalSection(ProjectConfigurationPlatforms) = postSolution
		{B888B3E8-3F57-4493-A6A4-F09A1C6B4896}.Debug|Any CPU.ActiveCfg = Debug|Any CPU
		{B888B3E8-3F57-4493-A6A4-F09A1C6B4896}.Debug|Any CPU.Build.0 = Debug|Any CPU
		{B888B3E8-3F57-4493-A6A4-F09A1C6B4896}.Release|Any CPU.ActiveCfg = Release|Any CPU
		{B888B3E8-3F57-4493-A6A4-F09A1C6B4896}.Release|Any CPU.Build.0 = Release|Any CPU
		{B9DFECE5-926A-4FF5-9B3F-7A1CFB353718}.Debug|Any CPU.ActiveCfg = Debug|Any CPU
		{B9DFECE5-926A-4FF5-9B3F-7A1CFB353718}.Debug|Any CPU.Build.0 = Debug|Any CPU
		{B9DFECE5-926A-4FF5-9B3F-7A1CFB353718}.Release|Any CPU.ActiveCfg = Release|Any CPU
		{B9DFECE5-926A-4FF5-9B3F-7A1CFB353718}.Release|Any CPU.Build.0 = Release|Any CPU
		{4B393055-AB87-477D-ADE7-89F898731C0F}.Debug|Any CPU.ActiveCfg = Debug|Any CPU
		{4B393055-AB87-477D-ADE7-89F898731C0F}.Debug|Any CPU.Build.0 = Debug|Any CPU
		{4B393055-AB87-477D-ADE7-89F898731C0F}.Release|Any CPU.ActiveCfg = Release|Any CPU
		{4B393055-AB87-477D-ADE7-89F898731C0F}.Release|Any CPU.Build.0 = Release|Any CPU
		{2EDEE6E4-50AA-495F-9A04-A2F97E8F7CDE}.Debug|Any CPU.ActiveCfg = Debug|Any CPU
		{2EDEE6E4-50AA-495F-9A04-A2F97E8F7CDE}.Debug|Any CPU.Build.0 = Debug|Any CPU
		{2EDEE6E4-50AA-495F-9A04-A2F97E8F7CDE}.Release|Any CPU.ActiveCfg = Release|Any CPU
		{2EDEE6E4-50AA-495F-9A04-A2F97E8F7CDE}.Release|Any CPU.Build.0 = Release|Any CPU
		{84537592-ACC6-412A-8F1D-9A7BF102461C}.Debug|Any CPU.ActiveCfg = Debug|Any CPU
		{84537592-ACC6-412A-8F1D-9A7BF102461C}.Debug|Any CPU.Build.0 = Debug|Any CPU
		{84537592-ACC6-412A-8F1D-9A7BF102461C}.Release|Any CPU.ActiveCfg = Release|Any CPU
		{84537592-ACC6-412A-8F1D-9A7BF102461C}.Release|Any CPU.Build.0 = Release|Any CPU
		{B63B4E90-1290-4981-AA05-F8A2C330C144}.Debug|Any CPU.ActiveCfg = Debug|Any CPU
		{B63B4E90-1290-4981-AA05-F8A2C330C144}.Debug|Any CPU.Build.0 = Debug|Any CPU
		{B63B4E90-1290-4981-AA05-F8A2C330C144}.Release|Any CPU.ActiveCfg = Release|Any CPU
		{B63B4E90-1290-4981-AA05-F8A2C330C144}.Release|Any CPU.Build.0 = Release|Any CPU
	EndGlobalSection
	GlobalSection(SolutionProperties) = preSolution
		HideSolutionNode = FALSE
	EndGlobalSection
	GlobalSection(ExtensibilityGlobals) = postSolution
		SolutionGuid = {F322635E-E4EF-421D-8A76-CCC729DB2E62}
	EndGlobalSection
EndGlobal
